
Microsoft Visual Studio Solution File, Format Version 12.00
# Visual Studio Version 16
VisualStudioVersion = 16.0.32126.315
MinimumVisualStudioVersion = 10.0.40219.1
Project("{FAE04EC0-301F-11D3-BF4B-00C04F79EFBC}") = "Demo", "Demo\Demo.csproj", "{6FE8C299-FCD1-4266-B096-AD1F23D0F9FC}"
EndProject
Global
	GlobalSection(SolutionConfigurationPlatforms) = preSolution
		Debug|Any CPU = Debug|Any CPU
		Release|Any CPU = Release|Any CPU
	EndGlobalSection
	GlobalSection(ProjectConfigurationPlatforms) = postSolution
		{6FE8C299-FCD1-4266-B096-AD1F23D0F9FC}.Debug|Any CPU.ActiveCfg = Debug|Any CPU
		{6FE8C299-FCD1-4266-B096-AD1F23D0F9FC}.Debug|Any CPU.Build.0 = Debug|Any CPU
		{6FE8C299-FCD1-4266-B096-AD1F23D0F9FC}.Release|Any CPU.ActiveCfg = Release|Any CPU
		{6FE8C299-FCD1-4266-B096-AD1F23D0F9FC}.Release|Any CPU.Build.0 = Release|Any CPU
	EndGlobalSection
	GlobalSection(SolutionProperties) = preSolution
		HideSolutionNode = FALSE
	EndGlobalSection
	GlobalSection(ExtensibilityGlobals) = postSolution
		SolutionGuid = {B4905E32-0699-4B2C-BEB5-3A43C561425D}
	EndGlobalSection
EndGlobal
